
Microsoft Visual Studio Solution File, Format Version 12.00
# Visual Studio 15
VisualStudioVersion = 15.0.27703.2026
MinimumVisualStudioVersion = 10.0.40219.1
Project("{FAE04EC0-301F-11D3-BF4B-00C04F79EFBC}") = "Portafolo.DALC", "Portafolo.DALC\Portafolo.DALC.csproj", "{ABCA85CC-B03C-4020-AD39-A3FC6352452E}"
EndProject
Project("{FAE04EC0-301F-11D3-BF4B-00C04F79EFBC}") = "Portafolio.Negocio", "Portafolio.Negocio\Portafolio.Negocio.csproj", "{9180CD41-41AA-4964-A241-BC858EB5A2F3}"
EndProject
Project("{FAE04EC0-301F-11D3-BF4B-00C04F79EFBC}") = "ConsoleApp1", "ConsoleApp1\ConsoleApp1.csproj", "{AFC4AEAB-7D30-4507-8C62-25561B915894}"
EndProject
Global
	GlobalSection(SolutionConfigurationPlatforms) = preSolution
		Debug|Any CPU = Debug|Any CPU
		Release|Any CPU = Release|Any CPU
	EndGlobalSection
	GlobalSection(ProjectConfigurationPlatforms) = postSolution
		{ABCA85CC-B03C-4020-AD39-A3FC6352452E}.Debug|Any CPU.ActiveCfg = Debug|Any CPU
		{ABCA85CC-B03C-4020-AD39-A3FC6352452E}.Debug|Any CPU.Build.0 = Debug|Any CPU
		{ABCA85CC-B03C-4020-AD39-A3FC6352452E}.Release|Any CPU.ActiveCfg = Release|Any CPU
		{ABCA85CC-B03C-4020-AD39-A3FC6352452E}.Release|Any CPU.Build.0 = Release|Any CPU
		{9180CD41-41AA-4964-A241-BC858EB5A2F3}.Debug|Any CPU.ActiveCfg = Debug|Any CPU
		{9180CD41-41AA-4964-A241-BC858EB5A2F3}.Debug|Any CPU.Build.0 = Debug|Any CPU
		{9180CD41-41AA-4964-A241-BC858EB5A2F3}.Release|Any CPU.ActiveCfg = Release|Any CPU
		{9180CD41-41AA-4964-A241-BC858EB5A2F3}.Release|Any CPU.Build.0 = Release|Any CPU
		{AFC4AEAB-7D30-4507-8C62-25561B915894}.Debug|Any CPU.ActiveCfg = Debug|Any CPU
		{AFC4AEAB-7D30-4507-8C62-25561B915894}.Debug|Any CPU.Build.0 = Debug|Any CPU
		{AFC4AEAB-7D30-4507-8C62-25561B915894}.Release|Any CPU.ActiveCfg = Release|Any CPU
		{AFC4AEAB-7D30-4507-8C62-25561B915894}.Release|Any CPU.Build.0 = Release|Any CPU
	EndGlobalSection
	GlobalSection(SolutionProperties) = preSolution
		HideSolutionNode = FALSE
	EndGlobalSection
	GlobalSection(ExtensibilityGlobals) = postSolution
		SolutionGuid = {11A5F742-3E41-44F1-B1B4-A0712E5D7A31}
	EndGlobalSection
EndGlobal
